
Microsoft Visual Studio Solution File, Format Version 12.00
# Visual Studio Version 17
VisualStudioVersion = 17.0.31903.59
MinimumVisualStudioVersion = 10.0.40219.1
Project("{2150E333-8FDC-42A3-9474-1A3956D46DE8}") = "src", "src", "{827E0CD3-B72D-47B6-A68D-7590B98EB39B}"
EndProject
Project("{2150E333-8FDC-42A3-9474-1A3956D46DE8}") = "tests", "tests", "{0AB3BF05-4346-4AA6-1389-037BE0695223}"
EndProject
Project("{FAE04EC0-301F-11D3-BF4B-00C04F79EFBC}") = "ConsoleApp", "src\ConsoleApp\ConsoleApp.csproj", "{B96731EC-2D33-4A89-A4E3-6CE9910E7007}"
EndProject
Project("{FAE04EC0-301F-11D3-BF4B-00C04F79EFBC}") = "TestConsoleApp", "tests\TestConsoleApp\TestConsoleApp.csproj", "{A8D2FE56-2CA7-40D8-B37C-1F4D10E66857}"
EndProject
Project("{FAE04EC0-301F-11D3-BF4B-00C04F79EFBC}") = "Display", "src\Display\Display.csproj", "{63006A3F-B700-43BC-AE0C-3692BBE2C74F}"
EndProject
Project("{FAE04EC0-301F-11D3-BF4B-00C04F79EFBC}") = "Core", "src\Core\Core.csproj", "{6D0126B3-21E9-4774-A8DC-03D5881FB083}"
EndProject
Global
	GlobalSection(SolutionConfigurationPlatforms) = preSolution
		Debug|Any CPU = Debug|Any CPU
		Release|Any CPU = Release|Any CPU
	EndGlobalSection
	GlobalSection(ProjectConfigurationPlatforms) = postSolution
		{B96731EC-2D33-4A89-A4E3-6CE9910E7007}.Debug|Any CPU.ActiveCfg = Debug|Any CPU
		{B96731EC-2D33-4A89-A4E3-6CE9910E7007}.Debug|Any CPU.Build.0 = Debug|Any CPU
		{B96731EC-2D33-4A89-A4E3-6CE9910E7007}.Release|Any CPU.ActiveCfg = Release|Any CPU
		{B96731EC-2D33-4A89-A4E3-6CE9910E7007}.Release|Any CPU.Build.0 = Release|Any CPU
		{A8D2FE56-2CA7-40D8-B37C-1F4D10E66857}.Debug|Any CPU.ActiveCfg = Debug|Any CPU
		{A8D2FE56-2CA7-40D8-B37C-1F4D10E66857}.Debug|Any CPU.Build.0 = Debug|Any CPU
		{A8D2FE56-2CA7-40D8-B37C-1F4D10E66857}.Release|Any CPU.ActiveCfg = Release|Any CPU
		{A8D2FE56-2CA7-40D8-B37C-1F4D10E66857}.Release|Any CPU.Build.0 = Release|Any CPU
		{63006A3F-B700-43BC-AE0C-3692BBE2C74F}.Debug|Any CPU.ActiveCfg = Debug|Any CPU
		{63006A3F-B700-43BC-AE0C-3692BBE2C74F}.Debug|Any CPU.Build.0 = Debug|Any CPU
		{63006A3F-B700-43BC-AE0C-3692BBE2C74F}.Release|Any CPU.ActiveCfg = Release|Any CPU
		{63006A3F-B700-43BC-AE0C-3692BBE2C74F}.Release|Any CPU.Build.0 = Release|Any CPU
		{6D0126B3-21E9-4774-A8DC-03D5881FB083}.Debug|Any CPU.ActiveCfg = Debug|Any CPU
		{6D0126B3-21E9-4774-A8DC-03D5881FB083}.Debug|Any CPU.Build.0 = Debug|Any CPU
		{6D0126B3-21E9-4774-A8DC-03D5881FB083}.Release|Any CPU.ActiveCfg = Release|Any CPU
		{6D0126B3-21E9-4774-A8DC-03D5881FB083}.Release|Any CPU.Build.0 = Release|Any CPU
	EndGlobalSection
	GlobalSection(SolutionProperties) = preSolution
		HideSolutionNode = FALSE
	EndGlobalSection
	GlobalSection(NestedProjects) = preSolution
		{B96731EC-2D33-4A89-A4E3-6CE9910E7007} = {827E0CD3-B72D-47B6-A68D-7590B98EB39B}
		{A8D2FE56-2CA7-40D8-B37C-1F4D10E66857} = {0AB3BF05-4346-4AA6-1389-037BE0695223}
		{63006A3F-B700-43BC-AE0C-3692BBE2C74F} = {827E0CD3-B72D-47B6-A68D-7590B98EB39B}
		{6D0126B3-21E9-4774-A8DC-03D5881FB083} = {827E0CD3-B72D-47B6-A68D-7590B98EB39B}
	EndGlobalSection
EndGlobal
